
Microsoft Visual Studio Solution File, Format Version 12.00
# Visual Studio Version 16
VisualStudioVersion = 16.0.29709.97
MinimumVisualStudioVersion = 10.0.40219.1
Project("{9A19103F-16F7-4668-BE54-9A1E7A4F7556}") = "eventTest", "eventTest\eventTest.csproj", "{408C6CCE-49C5-45CB-B659-351DFEB3EDC2}"
EndProject
Project("{9A19103F-16F7-4668-BE54-9A1E7A4F7556}") = "eventTest_1", "test\eventTest_1.csproj", "{ABE1C4DB-EE3C-4652-AB5D-F0D35E17065C}"
EndProject
Project("{9A19103F-16F7-4668-BE54-9A1E7A4F7556}") = "span", "span\span.csproj", "{E26D59C0-8076-48F3-B9A1-16F5768C42A1}"
EndProject
Project("{9A19103F-16F7-4668-BE54-9A1E7A4F7556}") = "tupleExample", "tupleExample\tupleExample.csproj", "{8462D79A-5277-4BE2-86C1-C0C7383D6DA0}"
EndProject
Project("{FAE04EC0-301F-11D3-BF4B-00C04F79EFBC}") = "delegateTest", "delegateTest\delegateTest.csproj", "{598F2796-0A69-44C5-9B3B-CEBCE0B38065}"
EndProject
Global
	GlobalSection(SolutionConfigurationPlatforms) = preSolution
		Debug|Any CPU = Debug|Any CPU
		Release|Any CPU = Release|Any CPU
	EndGlobalSection
	GlobalSection(ProjectConfigurationPlatforms) = postSolution
		{408C6CCE-49C5-45CB-B659-351DFEB3EDC2}.Debug|Any CPU.ActiveCfg = Debug|Any CPU
		{408C6CCE-49C5-45CB-B659-351DFEB3EDC2}.Debug|Any CPU.Build.0 = Debug|Any CPU
		{408C6CCE-49C5-45CB-B659-351DFEB3EDC2}.Release|Any CPU.ActiveCfg = Release|Any CPU
		{408C6CCE-49C5-45CB-B659-351DFEB3EDC2}.Release|Any CPU.Build.0 = Release|Any CPU
		{ABE1C4DB-EE3C-4652-AB5D-F0D35E17065C}.Debug|Any CPU.ActiveCfg = Debug|Any CPU
		{ABE1C4DB-EE3C-4652-AB5D-F0D35E17065C}.Debug|Any CPU.Build.0 = Debug|Any CPU
		{ABE1C4DB-EE3C-4652-AB5D-F0D35E17065C}.Release|Any CPU.ActiveCfg = Release|Any CPU
		{ABE1C4DB-EE3C-4652-AB5D-F0D35E17065C}.Release|Any CPU.Build.0 = Release|Any CPU
		{E26D59C0-8076-48F3-B9A1-16F5768C42A1}.Debug|Any CPU.ActiveCfg = Debug|Any CPU
		{E26D59C0-8076-48F3-B9A1-16F5768C42A1}.Debug|Any CPU.Build.0 = Debug|Any CPU
		{E26D59C0-8076-48F3-B9A1-16F5768C42A1}.Release|Any CPU.ActiveCfg = Release|Any CPU
		{E26D59C0-8076-48F3-B9A1-16F5768C42A1}.Release|Any CPU.Build.0 = Release|Any CPU
		{8462D79A-5277-4BE2-86C1-C0C7383D6DA0}.Debug|Any CPU.ActiveCfg = Debug|Any CPU
		{8462D79A-5277-4BE2-86C1-C0C7383D6DA0}.Debug|Any CPU.Build.0 = Debug|Any CPU
		{8462D79A-5277-4BE2-86C1-C0C7383D6DA0}.Release|Any CPU.ActiveCfg = Release|Any CPU
		{8462D79A-5277-4BE2-86C1-C0C7383D6DA0}.Release|Any CPU.Build.0 = Release|Any CPU
		{598F2796-0A69-44C5-9B3B-CEBCE0B38065}.Debug|Any CPU.ActiveCfg = Debug|Any CPU
		{598F2796-0A69-44C5-9B3B-CEBCE0B38065}.Debug|Any CPU.Build.0 = Debug|Any CPU
		{598F2796-0A69-44C5-9B3B-CEBCE0B38065}.Release|Any CPU.ActiveCfg = Release|Any CPU
		{598F2796-0A69-44C5-9B3B-CEBCE0B38065}.Release|Any CPU.Build.0 = Release|Any CPU
	EndGlobalSection
	GlobalSection(SolutionProperties) = preSolution
		HideSolutionNode = FALSE
	EndGlobalSection
	GlobalSection(ExtensibilityGlobals) = postSolution
		SolutionGuid = {372F09A1-D2FD-457B-8DB8-EC0C444AC546}
	EndGlobalSection
EndGlobal
